
Microsoft Visual Studio Solution File, Format Version 12.00
# Visual Studio Version 17
VisualStudioVersion = 17.7.34009.444
MinimumVisualStudioVersion = 10.0.40219.1
Project("{FAE04EC0-301F-11D3-BF4B-00C04F79EFBC}") = "LttqWorkRp", "LttqWorkRp\LttqWorkRp.csproj", "{BDF5262C-9541-4725-9208-8E874BDC5CEC}"
EndProject
Global
	GlobalSection(SolutionConfigurationPlatforms) = preSolution
		Debug|Any CPU = Debug|Any CPU
		Release|Any CPU = Release|Any CPU
	EndGlobalSection
	GlobalSection(ProjectConfigurationPlatforms) = postSolution
		{BDF5262C-9541-4725-9208-8E874BDC5CEC}.Debug|Any CPU.ActiveCfg = Debug|Any CPU
		{BDF5262C-9541-4725-9208-8E874BDC5CEC}.Debug|Any CPU.Build.0 = Debug|Any CPU
		{BDF5262C-9541-4725-9208-8E874BDC5CEC}.Release|Any CPU.ActiveCfg = Release|Any CPU
		{BDF5262C-9541-4725-9208-8E874BDC5CEC}.Release|Any CPU.Build.0 = Release|Any CPU
	EndGlobalSection
	GlobalSection(SolutionProperties) = preSolution
		HideSolutionNode = FALSE
	EndGlobalSection
	GlobalSection(ExtensibilityGlobals) = postSolution
		SolutionGuid = {6AACD518-CEF9-4277-AE2B-D86DFD00E72F}
	EndGlobalSection
EndGlobal
